
Microsoft Visual Studio Solution File, Format Version 12.00
# Visual Studio Version 17
VisualStudioVersion = 17.10.35027.167
MinimumVisualStudioVersion = 10.0.40219.1
Project("{9A19103F-16F7-4668-BE54-9A1E7A4F7556}") = "Cookify.API", "Cookify.API\Cookify.API.csproj", "{FA300307-1521-45E9-9507-C5534959D64B}"
EndProject
Project("{9A19103F-16F7-4668-BE54-9A1E7A4F7556}") = "Cookify.BL", "Cookify.BL\Cookify.BL.csproj", "{6293FF6F-A09D-4F61-A794-07F418D9154D}"
EndProject
Project("{9A19103F-16F7-4668-BE54-9A1E7A4F7556}") = "Cookify.DAL", "Cookify.DAL\Cookify.DAL.csproj", "{3589E19A-19F5-4ED5-819F-FC8E6BC43CC4}"
EndProject
Project("{FAE04EC0-301F-11D3-BF4B-00C04F79EFBC}") = "Cookify.Common", "Cookify.Common\Cookify.Common.csproj", "{088A6741-965D-41B0-AF29-49839F173012}"
EndProject
Global
	GlobalSection(SolutionConfigurationPlatforms) = preSolution
		Debug|Any CPU = Debug|Any CPU
		Release|Any CPU = Release|Any CPU
	EndGlobalSection
	GlobalSection(ProjectConfigurationPlatforms) = postSolution
		{FA300307-1521-45E9-9507-C5534959D64B}.Debug|Any CPU.ActiveCfg = Debug|Any CPU
		{FA300307-1521-45E9-9507-C5534959D64B}.Debug|Any CPU.Build.0 = Debug|Any CPU
		{FA300307-1521-45E9-9507-C5534959D64B}.Release|Any CPU.ActiveCfg = Release|Any CPU
		{FA300307-1521-45E9-9507-C5534959D64B}.Release|Any CPU.Build.0 = Release|Any CPU
		{6293FF6F-A09D-4F61-A794-07F418D9154D}.Debug|Any CPU.ActiveCfg = Debug|Any CPU
		{6293FF6F-A09D-4F61-A794-07F418D9154D}.Debug|Any CPU.Build.0 = Debug|Any CPU
		{6293FF6F-A09D-4F61-A794-07F418D9154D}.Release|Any CPU.ActiveCfg = Release|Any CPU
		{6293FF6F-A09D-4F61-A794-07F418D9154D}.Release|Any CPU.Build.0 = Release|Any CPU
		{3589E19A-19F5-4ED5-819F-FC8E6BC43CC4}.Debug|Any CPU.ActiveCfg = Debug|Any CPU
		{3589E19A-19F5-4ED5-819F-FC8E6BC43CC4}.Debug|Any CPU.Build.0 = Debug|Any CPU
		{3589E19A-19F5-4ED5-819F-FC8E6BC43CC4}.Release|Any CPU.ActiveCfg = Release|Any CPU
		{3589E19A-19F5-4ED5-819F-FC8E6BC43CC4}.Release|Any CPU.Build.0 = Release|Any CPU
		{088A6741-965D-41B0-AF29-49839F173012}.Debug|Any CPU.ActiveCfg = Debug|Any CPU
		{088A6741-965D-41B0-AF29-49839F173012}.Debug|Any CPU.Build.0 = Debug|Any CPU
		{088A6741-965D-41B0-AF29-49839F173012}.Release|Any CPU.ActiveCfg = Release|Any CPU
		{088A6741-965D-41B0-AF29-49839F173012}.Release|Any CPU.Build.0 = Release|Any CPU
	EndGlobalSection
	GlobalSection(SolutionProperties) = preSolution
		HideSolutionNode = FALSE
	EndGlobalSection
	GlobalSection(ExtensibilityGlobals) = postSolution
		SolutionGuid = {57037440-2668-4069-89DE-4913E8DEC9C0}
	EndGlobalSection
EndGlobal
